
Microsoft Visual Studio Solution File, Format Version 12.00
# Visual Studio Version 17
VisualStudioVersion = 17.5.33530.505
MinimumVisualStudioVersion = 10.0.40219.1
Project("{9A19103F-16F7-4668-BE54-9A1E7A4F7556}") = "RestApi", "RestApi\RestApi.csproj", "{5327F9BB-9896-4148-AA96-2615F0F48150}"
EndProject
Project("{9A19103F-16F7-4668-BE54-9A1E7A4F7556}") = "Domain", "Domain\Domain.csproj", "{35D9AD22-330C-4560-A902-F22B13D134E0}"
EndProject
Project("{9A19103F-16F7-4668-BE54-9A1E7A4F7556}") = "Infrastructure", "Infrastructure\Infrastructure.csproj", "{9537CDF6-6986-4BCC-A0D5-956D363858EA}"
EndProject
Project("{9A19103F-16F7-4668-BE54-9A1E7A4F7556}") = "Application", "Application\Application.csproj", "{1D0FC6DA-CB0F-4003-B294-CDCD207CA356}"
EndProject
Project("{9A19103F-16F7-4668-BE54-9A1E7A4F7556}") = "Job", "Job\Job.csproj", "{F02E3D67-DB54-4839-BEBD-570CBACD52B3}"
EndProject
Project("{FAE04EC0-301F-11D3-BF4B-00C04F79EFBC}") = "ZktecoIntegration", "ZktecoIntegration\ZktecoIntegration.csproj", "{75F89709-384F-4FE0-A5DA-E716B9D2DC37}"
EndProject
Global
	GlobalSection(SolutionConfigurationPlatforms) = preSolution
		Debug|Any CPU = Debug|Any CPU
		Release|Any CPU = Release|Any CPU
	EndGlobalSection
	GlobalSection(ProjectConfigurationPlatforms) = postSolution
		{5327F9BB-9896-4148-AA96-2615F0F48150}.Debug|Any CPU.ActiveCfg = Debug|Any CPU
		{5327F9BB-9896-4148-AA96-2615F0F48150}.Debug|Any CPU.Build.0 = Debug|Any CPU
		{5327F9BB-9896-4148-AA96-2615F0F48150}.Release|Any CPU.ActiveCfg = Release|Any CPU
		{5327F9BB-9896-4148-AA96-2615F0F48150}.Release|Any CPU.Build.0 = Release|Any CPU
		{35D9AD22-330C-4560-A902-F22B13D134E0}.Debug|Any CPU.ActiveCfg = Debug|Any CPU
		{35D9AD22-330C-4560-A902-F22B13D134E0}.Debug|Any CPU.Build.0 = Debug|Any CPU
		{35D9AD22-330C-4560-A902-F22B13D134E0}.Release|Any CPU.ActiveCfg = Release|Any CPU
		{35D9AD22-330C-4560-A902-F22B13D134E0}.Release|Any CPU.Build.0 = Release|Any CPU
		{9537CDF6-6986-4BCC-A0D5-956D363858EA}.Debug|Any CPU.ActiveCfg = Debug|Any CPU
		{9537CDF6-6986-4BCC-A0D5-956D363858EA}.Debug|Any CPU.Build.0 = Debug|Any CPU
		{9537CDF6-6986-4BCC-A0D5-956D363858EA}.Release|Any CPU.ActiveCfg = Release|Any CPU
		{9537CDF6-6986-4BCC-A0D5-956D363858EA}.Release|Any CPU.Build.0 = Release|Any CPU
		{1D0FC6DA-CB0F-4003-B294-CDCD207CA356}.Debug|Any CPU.ActiveCfg = Debug|Any CPU
		{1D0FC6DA-CB0F-4003-B294-CDCD207CA356}.Debug|Any CPU.Build.0 = Debug|Any CPU
		{1D0FC6DA-CB0F-4003-B294-CDCD207CA356}.Release|Any CPU.ActiveCfg = Release|Any CPU
		{1D0FC6DA-CB0F-4003-B294-CDCD207CA356}.Release|Any CPU.Build.0 = Release|Any CPU
		{F02E3D67-DB54-4839-BEBD-570CBACD52B3}.Debug|Any CPU.ActiveCfg = Debug|Any CPU
		{F02E3D67-DB54-4839-BEBD-570CBACD52B3}.Debug|Any CPU.Build.0 = Debug|Any CPU
		{F02E3D67-DB54-4839-BEBD-570CBACD52B3}.Release|Any CPU.ActiveCfg = Release|Any CPU
		{F02E3D67-DB54-4839-BEBD-570CBACD52B3}.Release|Any CPU.Build.0 = Release|Any CPU
		{75F89709-384F-4FE0-A5DA-E716B9D2DC37}.Debug|Any CPU.ActiveCfg = Debug|Any CPU
		{75F89709-384F-4FE0-A5DA-E716B9D2DC37}.Debug|Any CPU.Build.0 = Debug|Any CPU
		{75F89709-384F-4FE0-A5DA-E716B9D2DC37}.Release|Any CPU.ActiveCfg = Release|Any CPU
		{75F89709-384F-4FE0-A5DA-E716B9D2DC37}.Release|Any CPU.Build.0 = Release|Any CPU
	EndGlobalSection
	GlobalSection(SolutionProperties) = preSolution
		HideSolutionNode = FALSE
	EndGlobalSection
	GlobalSection(ExtensibilityGlobals) = postSolution
		SolutionGuid = {EE02ECF6-7B9D-4977-AFA7-49F5278D58A1}
	EndGlobalSection
EndGlobal
